// !$*UTF8*$!
{
	archiveVersion = 1;
	classes = {
	};
	objectVersion = 46;
	objects = {

/* Begin PBXBuildFile section */
		B297B88E1ADDA9CE00CD7EF1 /* AppDelegate.swift in Sources */ = {isa = PBXBuildFile; fileRef = B297B88D1ADDA9CE00CD7EF1 /* AppDelegate.swift */; };
		B297B8901ADDA9CE00CD7EF1 /* ViewController.swift in Sources */ = {isa = PBXBuildFile; fileRef = B297B88F1ADDA9CE00CD7EF1 /* ViewController.swift */; };
		B297B8931ADDA9CE00CD7EF1 /* Main.storyboard in Resources */ = {isa = PBXBuildFile; fileRef = B297B8911ADDA9CE00CD7EF1 /* Main.storyboard */; };
		B297B8951ADDA9CE00CD7EF1 /* Images.xcassets in Resources */ = {isa = PBXBuildFile; fileRef = B297B8941ADDA9CE00CD7EF1 /* Images.xcassets */; };
		B297B8981ADDA9CE00CD7EF1 /* LaunchScreen.xib in Resources */ = {isa = PBXBuildFile; fileRef = B297B8961ADDA9CE00CD7EF1 /* LaunchScreen.xib */; };
		B297B8A41ADDA9CE00CD7EF1 /* RZHUANG_iOS_CalculatorTests.swift in Sources */ = {isa = PBXBuildFile; fileRef = B297B8A31ADDA9CE00CD7EF1 /* RZHUANG_iOS_CalculatorTests.swift */; };
/* End PBXBuildFile section */

/* Begin PBXContainerItemProxy section */
		B297B89E1ADDA9CE00CD7EF1 /* PBXContainerItemProxy */ = {
			isa = PBXContainerItemProxy;
			containerPortal = B297B8801ADDA9CD00CD7EF1 /* Project object */;
			proxyType = 1;
			remoteGlobalIDString = B297B8871ADDA9CD00CD7EF1;
			remoteInfo = RZHUANG.iOS.Calculator;
		};
/* End PBXContainerItemProxy section */

/* Begin PBXFileReference section */
		B297B8881ADDA9CD00CD7EF1 /* RZHUANG.iOS.Calculator.app */ = {isa = PBXFileReference; explicitFileType = wrapper.application; includeInIndex = 0; path = RZHUANG.iOS.Calculator.app; sourceTree = BUILT_PRODUCTS_DIR; };
		B297B88C1ADDA9CE00CD7EF1 /* Info.plist */ = {isa = PBXFileReference; lastKnownFileType = text.plist.xml; path = Info.plist; sourceTree = "<group>"; };
		B297B88D1ADDA9CE00CD7EF1 /* AppDelegate.swift */ = {isa = PBXFileReference; lastKnownFileType = sourcecode.swift; path = AppDelegate.swift; sourceTree = "<group>"; };
		B297B88F1ADDA9CE00CD7EF1 /* ViewController.swift */ = {isa = PBXFileReference; lastKnownFileType = sourcecode.swift; path = ViewController.swift; sourceTree = "<group>"; };
		B297B8921ADDA9CE00CD7EF1 /* Base */ = {isa = PBXFileReference; lastKnownFileType = file.storyboard; name = Base; path = Base.lproj/Main.storyboard; sourceTree = "<group>"; };
		B297B8941ADDA9CE00CD7EF1 /* Images.xcassets */ = {isa = PBXFileReference; lastKnownFileType = folder.assetcatalog; path = Images.xcassets; sourceTree = "<group>"; };
		B297B8971ADDA9CE00CD7EF1 /* Base */ = {isa = PBXFileReference; lastKnownFileType = file.xib; name = Base; path = Base.lproj/LaunchScreen.xib; sourceTree = "<group>"; };
		B297B89D1ADDA9CE00CD7EF1 /* RZHUANG.iOS.CalculatorTests.xctest */ = {isa = PBXFileReference; explicitFileType = wrapper.cfbundle; includeInIndex = 0; path = RZHUANG.iOS.CalculatorTests.xctest; sourceTree = BUILT_PRODUCTS_DIR; };
		B297B8A21ADDA9CE00CD7EF1 /* Info.plist */ = {isa = PBXFileReference; lastKnownFileType = text.plist.xml; path = Info.plist; sourceTree = "<group>"; };
		B297B8A31ADDA9CE00CD7EF1 /* RZHUANG_iOS_CalculatorTests.swift */ = {isa = PBXFileReference; lastKnownFileType = sourcecode.swift; path = RZHUANG_iOS_CalculatorTests.swift; sourceTree = "<group>"; };
/* End PBXFileReference section */

/* Begin PBXFrameworksBuildPhase section */
		B297B8851ADDA9CD00CD7EF1 /* Frameworks */ = {
			isa = PBXFrameworksBuildPhase;
			buildActionMask = 2147483647;
			files = (
			);
			runOnlyForDeploymentPostprocessing = 0;
		};
		B297B89A1ADDA9CE00CD7EF1 /* Frameworks */ = {
			isa = PBXFrameworksBuildPhase;
			buildActionMask = 2147483647;
			files = (
			);
			runOnlyForDeploymentPostprocessing = 0;
		};
/* End PBXFrameworksBuildPhase section */

/* Begin PBXGroup section */
		B297B87F1ADDA9CD00CD7EF1 = {
			isa = PBXGroup;
			children = (
				B297B88A1ADDA9CD00CD7EF1 /* RZHUANG.iOS.Calculator */,
				B297B8A01ADDA9CE00CD7EF1 /* RZHUANG.iOS.CalculatorTests */,
				B297B8891ADDA9CD00CD7EF1 /* Products */,
			);
			sourceTree = "<group>";
		};
		B297B8891ADDA9CD00CD7EF1 /* Products */ = {
			isa = PBXGroup;
			children = (
				B297B8881ADDA9CD00CD7EF1 /* RZHUANG.iOS.Calculator.app */,
				B297B89D1ADDA9CE00CD7EF1 /* RZHUANG.iOS.CalculatorTests.xctest */,
			);
			name = Products;
			sourceTree = "<group>";
		};
		B297B88A1ADDA9CD00CD7EF1 /* RZHUANG.iOS.Calculator */ = {
			isa = PBXGroup;
			children = (
				B297B88D1ADDA9CE00CD7EF1 /* AppDelegate.swift */,
				B297B88F1ADDA9CE00CD7EF1 /* ViewController.swift */,
				B297B8911ADDA9CE00CD7EF1 /* Main.storyboard */,
				B297B8941ADDA9CE00CD7EF1 /* Images.xcassets */,
				B297B8961ADDA9CE00CD7EF1 /* LaunchScreen.xib */,
				B297B88B1ADDA9CE00CD7EF1 /* Supporting Files */,
			);
			path = RZHUANG.iOS.Calculator;
			sourceTree = "<group>";
		};
		B297B88B1ADDA9CE00CD7EF1 /* Supporting Files */ = {
			isa = PBXGroup;
			children = (
				B297B88C1ADDA9CE00CD7EF1 /* Info.plist */,
			);
			name = "Supporting Files";
			sourceTree = "<group>";
		};
		B297B8A01ADDA9CE00CD7EF1 /* RZHUANG.iOS.CalculatorTests */ = {
			isa = PBXGroup;
			children = (
				B297B8A31ADDA9CE00CD7EF1 /* RZHUANG_iOS_CalculatorTests.swift */,
				B297B8A11ADDA9CE00CD7EF1 /* Supporting Files */,
			);
			path = RZHUANG.iOS.CalculatorTests;
			sourceTree = "<group>";
		};
		B297B8A11ADDA9CE00CD7EF1 /* Supporting Files */ = {
			isa = PBXGroup;
			children = (
				B297B8A21ADDA9CE00CD7EF1 /* Info.plist */,
			);
			name = "Supporting Files";
			sourceTree = "<group>";
		};
/* End PBXGroup section */

/* Begin PBXNativeTarget section */
		B297B8871ADDA9CD00CD7EF1 /* RZHUANG.iOS.Calculator */ = {
			isa = PBXNativeTarget;
			buildConfigurationList = B297B8A71ADDA9CE00CD7EF1 /* Build configuration list for PBXNativeTarget "RZHUANG.iOS.Calculator" */;
			buildPhases = (
				B297B8841ADDA9CD00CD7EF1 /* Sources */,
				B297B8851ADDA9CD00CD7EF1 /* Frameworks */,
				B297B8861ADDA9CD00CD7EF1 /* Resources */,
			);
			buildRules = (
			);
			dependencies = (
			);
			name = RZHUANG.iOS.Calculator;
			productName = RZHUANG.iOS.Calculator;
			productReference = B297B8881ADDA9CD00CD7EF1 /* RZHUANG.iOS.Calculator.app */;
			productType = "com.apple.product-type.application";
		};
		B297B89C1ADDA9CE00CD7EF1 /* RZHUANG.iOS.CalculatorTests */ = {
			isa = PBXNativeTarget;
			buildConfigurationList = B297B8AA1ADDA9CE00CD7EF1 /* Build configuration list for PBXNativeTarget "RZHUANG.iOS.CalculatorTests" */;
			buildPhases = (
				B297B8991ADDA9CE00CD7EF1 /* Sources */,
				B297B89A1ADDA9CE00CD7EF1 /* Frameworks */,
				B297B89B1ADDA9CE00CD7EF1 /* Resources */,
			);
			buildRules = (
			);
			dependencies = (
				B297B89F1ADDA9CE00CD7EF1 /* PBXTargetDependency */,
			);
			name = RZHUANG.iOS.CalculatorTests;
			productName = RZHUANG.iOS.CalculatorTests;
			productReference = B297B89D1ADDA9CE00CD7EF1 /* RZHUANG.iOS.CalculatorTests.xctest */;
			productType = "com.apple.product-type.bundle.unit-test";
		};
/* End PBXNativeTarget section */

/* Begin PBXProject section */
		B297B8801ADDA9CD00CD7EF1 /* Project object */ = {
			isa = PBXProject;
			attributes = {
				LastUpgradeCheck = 0620;
				ORGANIZATIONNAME = "CDM of DePaul University";
				TargetAttributes = {
					B297B8871ADDA9CD00CD7EF1 = {
						CreatedOnToolsVersion = 6.2;
					};
					B297B89C1ADDA9CE00CD7EF1 = {
						CreatedOnToolsVersion = 6.2;
						TestTargetID = B297B8871ADDA9CD00CD7EF1;
					};
				};
			};
			buildConfigurationList = B297B8831ADDA9CD00CD7EF1 /* Build configuration list for PBXProject "RZHUANG.iOS.Calculator" */;
			compatibilityVersion = "Xcode 3.2";
			developmentRegion = English;
			hasScannedForEncodings = 0;
			knownRegions = (
				en,
				Base,
			);
			mainGroup = B297B87F1ADDA9CD00CD7EF1;
			productRefGroup = B297B8891ADDA9CD00CD7EF1 /* Products */;
			projectDirPath = "";
			projectRoot = "";
			targets = (
				B297B8871ADDA9CD00CD7EF1 /* RZHUANG.iOS.Calculator */,
				B297B89C1ADDA9CE00CD7EF1 /* RZHUANG.iOS.CalculatorTests */,
			);
		};
/* End PBXProject section */

/* Begin PBXResourcesBuildPhase section */
		B297B8861ADDA9CD00CD7EF1 /* Resources */ = {
			isa = PBXResourcesBuildPhase;
			buildActionMask = 2147483647;
			files = (
				B297B8931ADDA9CE00CD7EF1 /* Main.storyboard in Resources */,
				B297B8981ADDA9CE00CD7EF1 /* LaunchScreen.xib in Resources */,
				B297B8951ADDA9CE00CD7EF1 /* Images.xcassets in Resources */,
			);
			runOnlyForDeploymentPostprocessing = 0;
		};
		B297B89B1ADDA9CE00CD7EF1 /* Resources */ = {
			isa = PBXResourcesBuildPhase;
			buildActionMask = 2147483647;
			files = (
			);
			runOnlyForDeploymentPostprocessing = 0;
		};
/* End PBXResourcesBuildPhase section */

/* Begin PBXSourcesBuildPhase section */
		B297B8841ADDA9CD00CD7EF1 /* Sources */ = {
			isa = PBXSourcesBuildPhase;
			buildActionMask = 2147483647;
			files = (
				B297B8901ADDA9CE00CD7EF1 /* ViewController.swift in Sources */,
				B297B88E1ADDA9CE00CD7EF1 /* AppDelegate.swift in Sources */,
			);
			runOnlyForDeploymentPostprocessing = 0;
		};
		B297B8991ADDA9CE00CD7EF1 /* Sources */ = {
			isa = PBXSourcesBuildPhase;
			buildActionMask = 2147483647;
			files = (
				B297B8A41ADDA9CE00CD7EF1 /* RZHUANG_iOS_CalculatorTests.swift in Sources */,
			);
			runOnlyForDeploymentPostprocessing = 0;
		};
/* End PBXSourcesBuildPhase section */

/* Begin PBXTargetDependency section */
		B297B89F1ADDA9CE00CD7EF1 /* PBXTargetDependency */ = {
			isa = PBXTargetDependency;
			target = B297B8871ADDA9CD00CD7EF1 /* RZHUANG.iOS.Calculator */;
			targetProxy = B297B89E1ADDA9CE00CD7EF1 /* PBXContainerItemProxy */;
		};
/* End PBXTargetDependency section */

/* Begin PBXVariantGroup section */
		B297B8911ADDA9CE00CD7EF1 /* Main.storyboard */ = {
			isa = PBXVariantGroup;
			children = (
				B297B8921ADDA9CE00CD7EF1 /* Base */,
			);
			name = Main.storyboard;
			sourceTree = "<group>";
		};
		B297B8961ADDA9CE00CD7EF1 /* LaunchScreen.xib */ = {
			isa = PBXVariantGroup;
			children = (
				B297B8971ADDA9CE00CD7EF1 /* Base */,
			);
			name = LaunchScreen.xib;
			sourceTree = "<group>";
		};
/* End PBXVariantGroup section */

/* Begin XCBuildConfiguration section */
		B297B8A51ADDA9CE00CD7EF1 /* Debug */ = {
			isa = XCBuildConfiguration;
			buildSettings = {
				ALWAYS_SEARCH_USER_PATHS = NO;
				CLANG_CXX_LANGUAGE_STANDARD = "gnu++0x";
				CLANG_CXX_LIBRARY = "libc++";
				CLANG_ENABLE_MODULES = YES;
				CLANG_ENABLE_OBJC_ARC = YES;
				CLANG_WARN_BOOL_CONVERSION = YES;
				CLANG_WARN_CONSTANT_CONVERSION = YES;
				CLANG_WARN_DIRECT_OBJC_ISA_USAGE = YES_ERROR;
				CLANG_WARN_EMPTY_BODY = YES;
				CLANG_WARN_ENUM_CONVERSION = YES;
				CLANG_WARN_INT_CONVERSION = YES;
				CLANG_WARN_OBJC_ROOT_CLASS = YES_ERROR;
				CLANG_WARN_UNREACHABLE_CODE = YES;
				CLANG_WARN__DUPLICATE_METHOD_MATCH = YES;
				"CODE_SIGN_IDENTITY[sdk=iphoneos*]" = "iPhone Developer";
				COPY_PHASE_STRIP = NO;
				ENABLE_STRICT_OBJC_MSGSEND = YES;
				GCC_C_LANGUAGE_STANDARD = gnu99;
				GCC_DYNAMIC_NO_PIC = NO;
				GCC_OPTIMIZATION_LEVEL = 0;
				GCC_PREPROCESSOR_DEFINITIONS = (
					"DEBUG=1",
					"$(inherited)",
				);
				GCC_SYMBOLS_PRIVATE_EXTERN = NO;
				GCC_WARN_64_TO_32_BIT_CONVERSION = YES;
				GCC_WARN_ABOUT_RETURN_TYPE = YES_ERROR;
				GCC_WARN_UNDECLARED_SELECTOR = YES;
				GCC_WARN_UNINITIALIZED_AUTOS = YES_AGGRESSIVE;
				GCC_WARN_UNUSED_FUNCTION = YES;
				GCC_WARN_UNUSED_VARIABLE = YES;
				IPHONEOS_DEPLOYMENT_TARGET = 8.2;
				MTL_ENABLE_DEBUG_INFO = YES;
				ONLY_ACTIVE_ARCH = YES;
				SDKROOT = iphoneos;
				SWIFT_OPTIMIZATION_LEVEL = "-Onone";
			};
			name = Debug;
		};
		B297B8A61ADDA9CE00CD7EF1 /* Release */ = {
			isa = XCBuildConfiguration;
			buildSettings = {
				ALWAYS_SEARCH_USER_PATHS = NO;
				CLANG_CXX_LANGUAGE_STANDARD = "gnu++0x";
				CLANG_CXX_LIBRARY = "libc++";
				CLANG_ENABLE_MODULES = YES;
				CLANG_ENABLE_OBJC_ARC = YES;
				CLANG_WARN_BOOL_CONVERSION = YES;
				CLANG_WARN_CONSTANT_CONVERSION = YES;
				CLANG_WARN_DIRECT_OBJC_ISA_USAGE = YES_ERROR;
				CLANG_WARN_EMPTY_BODY = YES;
				CLANG_WARN_ENUM_CONVERSION = YES;
				CLANG_WARN_INT_CONVERSION = YES;
				CLANG_WARN_OBJC_ROOT_CLASS = YES_ERROR;
				CLANG_WARN_UNREACHABLE_CODE = YES;
				CLANG_WARN__DUPLICATE_METHOD_MATCH = YES;
				"CODE_SIGN_IDENTITY[sdk=iphoneos*]" = "iPhone Developer";
				COPY_PHASE_STRIP = NO;
				ENABLE_NS_ASSERTIONS = NO;
				ENABLE_STRICT_OBJC_MSGSEND = YES;
				GCC_C_LANGUAGE_STANDARD = gnu99;
				GCC_WARN_64_TO_32_BIT_CONVERSION = YES;
				GCC_WARN_ABOUT_RETURN_TYPE = YES_ERROR;
				GCC_WARN_UNDECLARED_SELECTOR = YES;
				GCC_WARN_UNINITIALIZED_AUTOS = YES_AGGRESSIVE;
				GCC_WARN_UNUSED_FUNCTION = YES;
				GCC_WARN_UNUSED_VARIABLE = YES;
				IPHONEOS_DEPLOYMENT_TARGET = 8.2;
				MTL_ENABLE_DEBUG_INFO = NO;
				SDKROOT = iphoneos;
				VALIDATE_PRODUCT = YES;
			};
			name = Release;
		};
		B297B8A81ADDA9CE00CD7EF1 /* Debug */ = {
			isa = XCBuildConfiguration;
			buildSettings = {
				ASSETCATALOG_COMPILER_APPICON_NAME = AppIcon;
				INFOPLIST_FILE = RZHUANG.iOS.Calculator/Info.plist;
				IPHONEOS_DEPLOYMENT_TARGET = 8.2;
				LD_RUNPATH_SEARCH_PATHS = "$(inherited) @executable_path/Frameworks";
				PRODUCT_NAME = "$(TARGET_NAME)";
			};
			name = Debug;
		};
		B297B8A91ADDA9CE00CD7EF1 /* Release */ = {
			isa = XCBuildConfiguration;
			buildSettings = {
				ASSETCATALOG_COMPILER_APPICON_NAME = AppIcon;
				INFOPLIST_FILE = RZHUANG.iOS.Calculator/Info.plist;
				IPHONEOS_DEPLOYMENT_TARGET = 8.2;
				LD_RUNPATH_SEARCH_PATHS = "$(inherited) @executable_path/Frameworks";
				PRODUCT_NAME = "$(TARGET_NAME)";
			};
			name = Release;
		};
		B297B8AB1ADDA9CE00CD7EF1 /* Debug */ = {
			isa = XCBuildConfiguration;
			buildSettings = {
				BUNDLE_LOADER = "$(TEST_HOST)";
				FRAMEWORK_SEARCH_PATHS = (
					"$(SDKROOT)/Developer/Library/Frameworks",
					"$(inherited)",
				);
				GCC_PREPROCESSOR_DEFINITIONS = (
					"DEBUG=1",
					"$(inherited)",
				);
				INFOPLIST_FILE = RZHUANG.iOS.CalculatorTests/Info.plist;
				LD_RUNPATH_SEARCH_PATHS = "$(inherited) @executable_path/Frameworks @loader_path/Frameworks";
				PRODUCT_NAME = "$(TARGET_NAME)";
				TEST_HOST = "$(BUILT_PRODUCTS_DIR)/RZHUANG.iOS.Calculator.app/RZHUANG.iOS.Calculator";
			};
			name = Debug;
		};
		B297B8AC1ADDA9CE00CD7EF1 /* Release */ = {
			isa = XCBuildConfiguration;
			buildSettings = {
				BUNDLE_LOADER = "$(TEST_HOST)";
				FRAMEWORK_SEARCH_PATHS = (
					"$(SDKROOT)/Developer/Library/Frameworks",
					"$(inherited)",
				);
				INFOPLIST_FILE = RZHUANG.iOS.CalculatorTests/Info.plist;
				LD_RUNPATH_SEARCH_PATHS = "$(inherited) @executable_path/Frameworks @loader_path/Frameworks";
				PRODUCT_NAME = "$(TARGET_NAME)";
				TEST_HOST = "$(BUILT_PRODUCTS_DIR)/RZHUANG.iOS.Calculator.app/RZHUANG.iOS.Calculator";
			};
			name = Release;
		};
/* End XCBuildConfiguration section */

/* Begin XCConfigurationList section */
		B297B8831ADDA9CD00CD7EF1 /* Build configuration list for PBXProject "RZHUANG.iOS.Calculator" */ = {
			isa = XCConfigurationList;
			buildConfigurations = (
				B297B8A51ADDA9CE00CD7EF1 /* Debug */,
				B297B8A61ADDA9CE00CD7EF1 /* Release */,
			);
			defaultConfigurationIsVisible = 0;
			defaultConfigurationName = Release;
		};
		B297B8A71ADDA9CE00CD7EF1 /* Build configuration list for PBXNativeTarget "RZHUANG.iOS.Calculator" */ = {
			isa = XCConfigurationList;
			buildConfigurations = (
				B297B8A81ADDA9CE00CD7EF1 /* Debug */,
				B297B8A91ADDA9CE00CD7EF1 /* Release */,
			);
			defaultConfigurationIsVisible = 0;
			defaultConfigurationName = Release;
		};
		B297B8AA1ADDA9CE00CD7EF1 /* Build configuration list for PBXNativeTarget "RZHUANG.iOS.CalculatorTests" */ = {
			isa = XCConfigurationList;
			buildConfigurations = (
				B297B8AB1ADDA9CE00CD7EF1 /* Debug */,
				B297B8AC1ADDA9CE00CD7EF1 /* Release */,
			);
			defaultConfigurationIsVisible = 0;
			defaultConfigurationName = Release;
		};
/* End XCConfigurationList section */
	};
	rootObject = B297B8801ADDA9CD00CD7EF1 /* Project object */;
}
