// !$*UTF8*$!
{
	archiveVersion = 1;
	classes = {
	};
	objectVersion = 46;
	objects = {

/* Begin PBXBuildFile section */
		B20A72DA1AFAB441009826D0 /* DVRViewController.swift in Sources */ = {isa = PBXBuildFile; fileRef = B20A72D91AFAB441009826D0 /* DVRViewController.swift */; };
		B21C598C1AE6FB7A001CDC16 /* View.xib in Resources */ = {isa = PBXBuildFile; fileRef = B21C598B1AE6FB7A001CDC16 /* View.xib */; };
		B2C0853D1AE55E360086CE64 /* AppDelegate.swift in Sources */ = {isa = PBXBuildFile; fileRef = B2C0853C1AE55E360086CE64 /* AppDelegate.swift */; };
		B2C0853F1AE55E360086CE64 /* ViewController.swift in Sources */ = {isa = PBXBuildFile; fileRef = B2C0853E1AE55E360086CE64 /* ViewController.swift */; };
		B2C085421AE55E360086CE64 /* Main.storyboard in Resources */ = {isa = PBXBuildFile; fileRef = B2C085401AE55E360086CE64 /* Main.storyboard */; };
		B2C085441AE55E360086CE64 /* Images.xcassets in Resources */ = {isa = PBXBuildFile; fileRef = B2C085431AE55E360086CE64 /* Images.xcassets */; };
		B2C085471AE55E360086CE64 /* LaunchScreen.xib in Resources */ = {isa = PBXBuildFile; fileRef = B2C085451AE55E360086CE64 /* LaunchScreen.xib */; };
		B2C085531AE55E370086CE64 /* RZHUANG_iOS_TVRemoteControlTests.swift in Sources */ = {isa = PBXBuildFile; fileRef = B2C085521AE55E370086CE64 /* RZHUANG_iOS_TVRemoteControlTests.swift */; };
/* End PBXBuildFile section */

/* Begin PBXContainerItemProxy section */
		B2C0854D1AE55E360086CE64 /* PBXContainerItemProxy */ = {
			isa = PBXContainerItemProxy;
			containerPortal = B2C0852F1AE55E360086CE64 /* Project object */;
			proxyType = 1;
			remoteGlobalIDString = B2C085361AE55E360086CE64;
			remoteInfo = RZHUANG.iOS.TVRemoteControl;
		};
/* End PBXContainerItemProxy section */

/* Begin PBXFileReference section */
		B20A72D91AFAB441009826D0 /* DVRViewController.swift */ = {isa = PBXFileReference; fileEncoding = 4; lastKnownFileType = sourcecode.swift; path = DVRViewController.swift; sourceTree = "<group>"; };
		B21C598B1AE6FB7A001CDC16 /* View.xib */ = {isa = PBXFileReference; fileEncoding = 4; lastKnownFileType = file.xib; path = View.xib; sourceTree = "<group>"; };
		B2C085371AE55E360086CE64 /* RZHUANG.iOS.TVRemoteControl.app */ = {isa = PBXFileReference; explicitFileType = wrapper.application; includeInIndex = 0; path = RZHUANG.iOS.TVRemoteControl.app; sourceTree = BUILT_PRODUCTS_DIR; };
		B2C0853B1AE55E360086CE64 /* Info.plist */ = {isa = PBXFileReference; lastKnownFileType = text.plist.xml; path = Info.plist; sourceTree = "<group>"; };
		B2C0853C1AE55E360086CE64 /* AppDelegate.swift */ = {isa = PBXFileReference; lastKnownFileType = sourcecode.swift; path = AppDelegate.swift; sourceTree = "<group>"; };
		B2C0853E1AE55E360086CE64 /* ViewController.swift */ = {isa = PBXFileReference; lastKnownFileType = sourcecode.swift; path = ViewController.swift; sourceTree = "<group>"; };
		B2C085411AE55E360086CE64 /* Base */ = {isa = PBXFileReference; lastKnownFileType = file.storyboard; name = Base; path = Base.lproj/Main.storyboard; sourceTree = "<group>"; };
		B2C085431AE55E360086CE64 /* Images.xcassets */ = {isa = PBXFileReference; lastKnownFileType = folder.assetcatalog; path = Images.xcassets; sourceTree = "<group>"; };
		B2C085461AE55E360086CE64 /* Base */ = {isa = PBXFileReference; lastKnownFileType = file.xib; name = Base; path = Base.lproj/LaunchScreen.xib; sourceTree = "<group>"; };
		B2C0854C1AE55E360086CE64 /* RZHUANG.iOS.TVRemoteControlTests.xctest */ = {isa = PBXFileReference; explicitFileType = wrapper.cfbundle; includeInIndex = 0; path = RZHUANG.iOS.TVRemoteControlTests.xctest; sourceTree = BUILT_PRODUCTS_DIR; };
		B2C085511AE55E360086CE64 /* Info.plist */ = {isa = PBXFileReference; lastKnownFileType = text.plist.xml; path = Info.plist; sourceTree = "<group>"; };
		B2C085521AE55E370086CE64 /* RZHUANG_iOS_TVRemoteControlTests.swift */ = {isa = PBXFileReference; lastKnownFileType = sourcecode.swift; path = RZHUANG_iOS_TVRemoteControlTests.swift; sourceTree = "<group>"; };
/* End PBXFileReference section */

/* Begin PBXFrameworksBuildPhase section */
		B2C085341AE55E360086CE64 /* Frameworks */ = {
			isa = PBXFrameworksBuildPhase;
			buildActionMask = 2147483647;
			files = (
			);
			runOnlyForDeploymentPostprocessing = 0;
		};
		B2C085491AE55E360086CE64 /* Frameworks */ = {
			isa = PBXFrameworksBuildPhase;
			buildActionMask = 2147483647;
			files = (
			);
			runOnlyForDeploymentPostprocessing = 0;
		};
/* End PBXFrameworksBuildPhase section */

/* Begin PBXGroup section */
		B2C0852E1AE55E360086CE64 = {
			isa = PBXGroup;
			children = (
				B2C085391AE55E360086CE64 /* RZHUANG.iOS.TVRemoteControl */,
				B2C0854F1AE55E360086CE64 /* RZHUANG.iOS.TVRemoteControlTests */,
				B2C085381AE55E360086CE64 /* Products */,
			);
			sourceTree = "<group>";
		};
		B2C085381AE55E360086CE64 /* Products */ = {
			isa = PBXGroup;
			children = (
				B2C085371AE55E360086CE64 /* RZHUANG.iOS.TVRemoteControl.app */,
				B2C0854C1AE55E360086CE64 /* RZHUANG.iOS.TVRemoteControlTests.xctest */,
			);
			name = Products;
			sourceTree = "<group>";
		};
		B2C085391AE55E360086CE64 /* RZHUANG.iOS.TVRemoteControl */ = {
			isa = PBXGroup;
			children = (
				B2C0853C1AE55E360086CE64 /* AppDelegate.swift */,
				B2C0853E1AE55E360086CE64 /* ViewController.swift */,
				B2C085401AE55E360086CE64 /* Main.storyboard */,
				B20A72D91AFAB441009826D0 /* DVRViewController.swift */,
				B2C085431AE55E360086CE64 /* Images.xcassets */,
				B2C085451AE55E360086CE64 /* LaunchScreen.xib */,
				B2C0853A1AE55E360086CE64 /* Supporting Files */,
				B21C598B1AE6FB7A001CDC16 /* View.xib */,
			);
			path = RZHUANG.iOS.TVRemoteControl;
			sourceTree = "<group>";
		};
		B2C0853A1AE55E360086CE64 /* Supporting Files */ = {
			isa = PBXGroup;
			children = (
				B2C0853B1AE55E360086CE64 /* Info.plist */,
			);
			name = "Supporting Files";
			sourceTree = "<group>";
		};
		B2C0854F1AE55E360086CE64 /* RZHUANG.iOS.TVRemoteControlTests */ = {
			isa = PBXGroup;
			children = (
				B2C085521AE55E370086CE64 /* RZHUANG_iOS_TVRemoteControlTests.swift */,
				B2C085501AE55E360086CE64 /* Supporting Files */,
			);
			path = RZHUANG.iOS.TVRemoteControlTests;
			sourceTree = "<group>";
		};
		B2C085501AE55E360086CE64 /* Supporting Files */ = {
			isa = PBXGroup;
			children = (
				B2C085511AE55E360086CE64 /* Info.plist */,
			);
			name = "Supporting Files";
			sourceTree = "<group>";
		};
/* End PBXGroup section */

/* Begin PBXNativeTarget section */
		B2C085361AE55E360086CE64 /* RZHUANG.iOS.TVRemoteControl */ = {
			isa = PBXNativeTarget;
			buildConfigurationList = B2C085561AE55E370086CE64 /* Build configuration list for PBXNativeTarget "RZHUANG.iOS.TVRemoteControl" */;
			buildPhases = (
				B2C085331AE55E360086CE64 /* Sources */,
				B2C085341AE55E360086CE64 /* Frameworks */,
				B2C085351AE55E360086CE64 /* Resources */,
			);
			buildRules = (
			);
			dependencies = (
			);
			name = RZHUANG.iOS.TVRemoteControl;
			productName = RZHUANG.iOS.TVRemoteControl;
			productReference = B2C085371AE55E360086CE64 /* RZHUANG.iOS.TVRemoteControl.app */;
			productType = "com.apple.product-type.application";
		};
		B2C0854B1AE55E360086CE64 /* RZHUANG.iOS.TVRemoteControlTests */ = {
			isa = PBXNativeTarget;
			buildConfigurationList = B2C085591AE55E370086CE64 /* Build configuration list for PBXNativeTarget "RZHUANG.iOS.TVRemoteControlTests" */;
			buildPhases = (
				B2C085481AE55E360086CE64 /* Sources */,
				B2C085491AE55E360086CE64 /* Frameworks */,
				B2C0854A1AE55E360086CE64 /* Resources */,
			);
			buildRules = (
			);
			dependencies = (
				B2C0854E1AE55E360086CE64 /* PBXTargetDependency */,
			);
			name = RZHUANG.iOS.TVRemoteControlTests;
			productName = RZHUANG.iOS.TVRemoteControlTests;
			productReference = B2C0854C1AE55E360086CE64 /* RZHUANG.iOS.TVRemoteControlTests.xctest */;
			productType = "com.apple.product-type.bundle.unit-test";
		};
/* End PBXNativeTarget section */

/* Begin PBXProject section */
		B2C0852F1AE55E360086CE64 /* Project object */ = {
			isa = PBXProject;
			attributes = {
				LastUpgradeCheck = 0630;
				ORGANIZATIONNAME = "CDM of DePaul University";
				TargetAttributes = {
					B2C085361AE55E360086CE64 = {
						CreatedOnToolsVersion = 6.3;
					};
					B2C0854B1AE55E360086CE64 = {
						CreatedOnToolsVersion = 6.3;
						TestTargetID = B2C085361AE55E360086CE64;
					};
				};
			};
			buildConfigurationList = B2C085321AE55E360086CE64 /* Build configuration list for PBXProject "RZHUANG.iOS.TVRemoteControl" */;
			compatibilityVersion = "Xcode 3.2";
			developmentRegion = English;
			hasScannedForEncodings = 0;
			knownRegions = (
				en,
				Base,
			);
			mainGroup = B2C0852E1AE55E360086CE64;
			productRefGroup = B2C085381AE55E360086CE64 /* Products */;
			projectDirPath = "";
			projectRoot = "";
			targets = (
				B2C085361AE55E360086CE64 /* RZHUANG.iOS.TVRemoteControl */,
				B2C0854B1AE55E360086CE64 /* RZHUANG.iOS.TVRemoteControlTests */,
			);
		};
/* End PBXProject section */

/* Begin PBXResourcesBuildPhase section */
		B2C085351AE55E360086CE64 /* Resources */ = {
			isa = PBXResourcesBuildPhase;
			buildActionMask = 2147483647;
			files = (
				B21C598C1AE6FB7A001CDC16 /* View.xib in Resources */,
				B2C085421AE55E360086CE64 /* Main.storyboard in Resources */,
				B2C085471AE55E360086CE64 /* LaunchScreen.xib in Resources */,
				B2C085441AE55E360086CE64 /* Images.xcassets in Resources */,
			);
			runOnlyForDeploymentPostprocessing = 0;
		};
		B2C0854A1AE55E360086CE64 /* Resources */ = {
			isa = PBXResourcesBuildPhase;
			buildActionMask = 2147483647;
			files = (
			);
			runOnlyForDeploymentPostprocessing = 0;
		};
/* End PBXResourcesBuildPhase section */

/* Begin PBXSourcesBuildPhase section */
		B2C085331AE55E360086CE64 /* Sources */ = {
			isa = PBXSourcesBuildPhase;
			buildActionMask = 2147483647;
			files = (
				B2C0853F1AE55E360086CE64 /* ViewController.swift in Sources */,
				B20A72DA1AFAB441009826D0 /* DVRViewController.swift in Sources */,
				B2C0853D1AE55E360086CE64 /* AppDelegate.swift in Sources */,
			);
			runOnlyForDeploymentPostprocessing = 0;
		};
		B2C085481AE55E360086CE64 /* Sources */ = {
			isa = PBXSourcesBuildPhase;
			buildActionMask = 2147483647;
			files = (
				B2C085531AE55E370086CE64 /* RZHUANG_iOS_TVRemoteControlTests.swift in Sources */,
			);
			runOnlyForDeploymentPostprocessing = 0;
		};
/* End PBXSourcesBuildPhase section */

/* Begin PBXTargetDependency section */
		B2C0854E1AE55E360086CE64 /* PBXTargetDependency */ = {
			isa = PBXTargetDependency;
			target = B2C085361AE55E360086CE64 /* RZHUANG.iOS.TVRemoteControl */;
			targetProxy = B2C0854D1AE55E360086CE64 /* PBXContainerItemProxy */;
		};
/* End PBXTargetDependency section */

/* Begin PBXVariantGroup section */
		B2C085401AE55E360086CE64 /* Main.storyboard */ = {
			isa = PBXVariantGroup;
			children = (
				B2C085411AE55E360086CE64 /* Base */,
			);
			name = Main.storyboard;
			sourceTree = "<group>";
		};
		B2C085451AE55E360086CE64 /* LaunchScreen.xib */ = {
			isa = PBXVariantGroup;
			children = (
				B2C085461AE55E360086CE64 /* Base */,
			);
			name = LaunchScreen.xib;
			sourceTree = "<group>";
		};
/* End PBXVariantGroup section */

/* Begin XCBuildConfiguration section */
		B2C085541AE55E370086CE64 /* Debug */ = {
			isa = XCBuildConfiguration;
			buildSettings = {
				ALWAYS_SEARCH_USER_PATHS = NO;
				CLANG_CXX_LANGUAGE_STANDARD = "gnu++0x";
				CLANG_CXX_LIBRARY = "libc++";
				CLANG_ENABLE_MODULES = YES;
				CLANG_ENABLE_OBJC_ARC = YES;
				CLANG_WARN_BOOL_CONVERSION = YES;
				CLANG_WARN_CONSTANT_CONVERSION = YES;
				CLANG_WARN_DIRECT_OBJC_ISA_USAGE = YES_ERROR;
				CLANG_WARN_EMPTY_BODY = YES;
				CLANG_WARN_ENUM_CONVERSION = YES;
				CLANG_WARN_INT_CONVERSION = YES;
				CLANG_WARN_OBJC_ROOT_CLASS = YES_ERROR;
				CLANG_WARN_UNREACHABLE_CODE = YES;
				CLANG_WARN__DUPLICATE_METHOD_MATCH = YES;
				"CODE_SIGN_IDENTITY[sdk=iphoneos*]" = "iPhone Developer";
				COPY_PHASE_STRIP = NO;
				DEBUG_INFORMATION_FORMAT = "dwarf-with-dsym";
				ENABLE_STRICT_OBJC_MSGSEND = YES;
				GCC_C_LANGUAGE_STANDARD = gnu99;
				GCC_DYNAMIC_NO_PIC = NO;
				GCC_NO_COMMON_BLOCKS = YES;
				GCC_OPTIMIZATION_LEVEL = 0;
				GCC_PREPROCESSOR_DEFINITIONS = (
					"DEBUG=1",
					"$(inherited)",
				);
				GCC_SYMBOLS_PRIVATE_EXTERN = NO;
				GCC_WARN_64_TO_32_BIT_CONVERSION = YES;
				GCC_WARN_ABOUT_RETURN_TYPE = YES_ERROR;
				GCC_WARN_UNDECLARED_SELECTOR = YES;
				GCC_WARN_UNINITIALIZED_AUTOS = YES_AGGRESSIVE;
				GCC_WARN_UNUSED_FUNCTION = YES;
				GCC_WARN_UNUSED_VARIABLE = YES;
				IPHONEOS_DEPLOYMENT_TARGET = 8.3;
				MTL_ENABLE_DEBUG_INFO = YES;
				ONLY_ACTIVE_ARCH = YES;
				SDKROOT = iphoneos;
				SWIFT_OPTIMIZATION_LEVEL = "-Onone";
			};
			name = Debug;
		};
		B2C085551AE55E370086CE64 /* Release */ = {
			isa = XCBuildConfiguration;
			buildSettings = {
				ALWAYS_SEARCH_USER_PATHS = NO;
				CLANG_CXX_LANGUAGE_STANDARD = "gnu++0x";
				CLANG_CXX_LIBRARY = "libc++";
				CLANG_ENABLE_MODULES = YES;
				CLANG_ENABLE_OBJC_ARC = YES;
				CLANG_WARN_BOOL_CONVERSION = YES;
				CLANG_WARN_CONSTANT_CONVERSION = YES;
				CLANG_WARN_DIRECT_OBJC_ISA_USAGE = YES_ERROR;
				CLANG_WARN_EMPTY_BODY = YES;
				CLANG_WARN_ENUM_CONVERSION = YES;
				CLANG_WARN_INT_CONVERSION = YES;
				CLANG_WARN_OBJC_ROOT_CLASS = YES_ERROR;
				CLANG_WARN_UNREACHABLE_CODE = YES;
				CLANG_WARN__DUPLICATE_METHOD_MATCH = YES;
				"CODE_SIGN_IDENTITY[sdk=iphoneos*]" = "iPhone Developer";
				COPY_PHASE_STRIP = NO;
				DEBUG_INFORMATION_FORMAT = "dwarf-with-dsym";
				ENABLE_NS_ASSERTIONS = NO;
				ENABLE_STRICT_OBJC_MSGSEND = YES;
				GCC_C_LANGUAGE_STANDARD = gnu99;
				GCC_NO_COMMON_BLOCKS = YES;
				GCC_WARN_64_TO_32_BIT_CONVERSION = YES;
				GCC_WARN_ABOUT_RETURN_TYPE = YES_ERROR;
				GCC_WARN_UNDECLARED_SELECTOR = YES;
				GCC_WARN_UNINITIALIZED_AUTOS = YES_AGGRESSIVE;
				GCC_WARN_UNUSED_FUNCTION = YES;
				GCC_WARN_UNUSED_VARIABLE = YES;
				IPHONEOS_DEPLOYMENT_TARGET = 8.3;
				MTL_ENABLE_DEBUG_INFO = NO;
				SDKROOT = iphoneos;
				VALIDATE_PRODUCT = YES;
			};
			name = Release;
		};
		B2C085571AE55E370086CE64 /* Debug */ = {
			isa = XCBuildConfiguration;
			buildSettings = {
				ASSETCATALOG_COMPILER_APPICON_NAME = AppIcon;
				INFOPLIST_FILE = RZHUANG.iOS.TVRemoteControl/Info.plist;
				LD_RUNPATH_SEARCH_PATHS = "$(inherited) @executable_path/Frameworks";
				PRODUCT_NAME = "$(TARGET_NAME)";
			};
			name = Debug;
		};
		B2C085581AE55E370086CE64 /* Release */ = {
			isa = XCBuildConfiguration;
			buildSettings = {
				ASSETCATALOG_COMPILER_APPICON_NAME = AppIcon;
				INFOPLIST_FILE = RZHUANG.iOS.TVRemoteControl/Info.plist;
				LD_RUNPATH_SEARCH_PATHS = "$(inherited) @executable_path/Frameworks";
				PRODUCT_NAME = "$(TARGET_NAME)";
			};
			name = Release;
		};
		B2C0855A1AE55E370086CE64 /* Debug */ = {
			isa = XCBuildConfiguration;
			buildSettings = {
				BUNDLE_LOADER = "$(TEST_HOST)";
				FRAMEWORK_SEARCH_PATHS = (
					"$(SDKROOT)/Developer/Library/Frameworks",
					"$(inherited)",
				);
				GCC_PREPROCESSOR_DEFINITIONS = (
					"DEBUG=1",
					"$(inherited)",
				);
				INFOPLIST_FILE = RZHUANG.iOS.TVRemoteControlTests/Info.plist;
				LD_RUNPATH_SEARCH_PATHS = "$(inherited) @executable_path/Frameworks @loader_path/Frameworks";
				PRODUCT_NAME = "$(TARGET_NAME)";
				TEST_HOST = "$(BUILT_PRODUCTS_DIR)/RZHUANG.iOS.TVRemoteControl.app/RZHUANG.iOS.TVRemoteControl";
			};
			name = Debug;
		};
		B2C0855B1AE55E370086CE64 /* Release */ = {
			isa = XCBuildConfiguration;
			buildSettings = {
				BUNDLE_LOADER = "$(TEST_HOST)";
				FRAMEWORK_SEARCH_PATHS = (
					"$(SDKROOT)/Developer/Library/Frameworks",
					"$(inherited)",
				);
				INFOPLIST_FILE = RZHUANG.iOS.TVRemoteControlTests/Info.plist;
				LD_RUNPATH_SEARCH_PATHS = "$(inherited) @executable_path/Frameworks @loader_path/Frameworks";
				PRODUCT_NAME = "$(TARGET_NAME)";
				TEST_HOST = "$(BUILT_PRODUCTS_DIR)/RZHUANG.iOS.TVRemoteControl.app/RZHUANG.iOS.TVRemoteControl";
			};
			name = Release;
		};
/* End XCBuildConfiguration section */

/* Begin XCConfigurationList section */
		B2C085321AE55E360086CE64 /* Build configuration list for PBXProject "RZHUANG.iOS.TVRemoteControl" */ = {
			isa = XCConfigurationList;
			buildConfigurations = (
				B2C085541AE55E370086CE64 /* Debug */,
				B2C085551AE55E370086CE64 /* Release */,
			);
			defaultConfigurationIsVisible = 0;
			defaultConfigurationName = Release;
		};
		B2C085561AE55E370086CE64 /* Build configuration list for PBXNativeTarget "RZHUANG.iOS.TVRemoteControl" */ = {
			isa = XCConfigurationList;
			buildConfigurations = (
				B2C085571AE55E370086CE64 /* Debug */,
				B2C085581AE55E370086CE64 /* Release */,
			);
			defaultConfigurationIsVisible = 0;
			defaultConfigurationName = Release;
		};
		B2C085591AE55E370086CE64 /* Build configuration list for PBXNativeTarget "RZHUANG.iOS.TVRemoteControlTests" */ = {
			isa = XCConfigurationList;
			buildConfigurations = (
				B2C0855A1AE55E370086CE64 /* Debug */,
				B2C0855B1AE55E370086CE64 /* Release */,
			);
			defaultConfigurationIsVisible = 0;
			defaultConfigurationName = Release;
		};
/* End XCConfigurationList section */
	};
	rootObject = B2C0852F1AE55E360086CE64 /* Project object */;
}
